<?xml version="1.0" encoding="utf-8"?>
<Project ToolsVersion="4.0" xmlns="http://schemas.microsoft.com/developer/msbuild/2003">
  <ItemGroup>
    <Filter Include="Source Files">
      <UniqueIdentifier>{4FC737F1-C7A5-4376-A066-2A32D752A2FF}</UniqueIdentifier>
      <Extensions>cpp;c;cc;cxx;def;odl;idl;hpj;bat;asm;asmx</Extensions>
    </Filter>
    <Filter Include="Header Files">
      <UniqueIdentifier>{93995380-89BD-4b04-88EB-625FBE52EBFB}</UniqueIdentifier>
      <Extensions>h;hh;hpp;hxx;hm;inl;inc;xsd</Extensions>
    </Filter>
    <Filter Include="Resource Files">
      <UniqueIdentifier>{67DA6AB6-F800-4c08-8B7A-83BB121AAD01}</UniqueIdentifier>
      <Extensions>rc;ico;cur;bmp;dlg;rc2;rct;bin;rgs;gif;jpg;jpeg;jpe;resx;tiff;tif;png;wav;mfcribbon-ms</Extensions>
    </Filter>
    <Filter Include="Header Files\Enemies">
      <UniqueIdentifier>{2bee5001-dd53-4763-b23a-2ea221a33dd4}</UniqueIdentifier>
    </Filter>
    <Filter Include="Source Files\Enemies">
      <UniqueIdentifier>{9a5b7062-3438-48e4-a470-4228fb946170}</UniqueIdentifier>
    </Filter>
    <Filter Include="Source Files\GameState">
      <UniqueIdentifier>{ece992ae-d825-4c7f-a844-0245efdee330}</UniqueIdentifier>
    </Filter>
    <Filter Include="Header Files\GameState">
      <UniqueIdentifier>{636f4ab4-3a21-42ea-adf2-2b5b6cfd82c8}</UniqueIdentifier>
    </Filter>
  </ItemGroup>
  <ItemGroup>
    <ClCompile Include="main.cpp">
      <Filter>Source Files</Filter>
    </ClCompile>
    <ClCompile Include="GameStateManager.cpp">
      <Filter>Source Files</Filter>
    </ClCompile>
    <ClCompile Include="Player.cpp">
      <Filter>Source Files</Filter>
    </ClCompile>
    <ClCompile Include="WorldGenerator.cpp">
      <Filter>Source Files</Filter>
    </ClCompile>
    <ClCompile Include="Enemy.cpp">
      <Filter>Source Files\Enemies</Filter>
    </ClCompile>
    <ClCompile Include="Enemy01.cpp">
      <Filter>Source Files\Enemies</Filter>
    </ClCompile>
    <ClCompile Include="Enemy02.cpp">
      <Filter>Source Files\Enemies</Filter>
    </ClCompile>
    <ClCompile Include="GameState.cpp">
      <Filter>Source Files\GameState</Filter>
    </ClCompile>
    <ClCompile Include="LevelStateBase.cpp">
      <Filter>Source Files\GameState</Filter>
    </ClCompile>
    <ClCompile Include="MenuState.cpp">
      <Filter>Source Files\GameState</Filter>
    </ClCompile>
    <ClCompile Include="VictoryState.cpp">
      <Filter>Source Files\GameState</Filter>
    </ClCompile>
    <ClCompile Include="DefeatState.cpp">
      <Filter>Source Files\GameState</Filter>
    </ClCompile>
    <ClCompile Include="AboutState.cpp">
      <Filter>Source Files\GameState</Filter>
    </ClCompile>
  </ItemGroup>
  <ItemGroup>
    <ClInclude Include="main.h">
      <Filter>Header Files</Filter>
    </ClInclude>
    <ClInclude Include="GameStateManager.h">
      <Filter>Header Files</Filter>
    </ClInclude>
    <ClInclude Include="Player.h">
      <Filter>Header Files</Filter>
    </ClInclude>
    <ClInclude Include="WorldGenerator.h">
      <Filter>Header Files</Filter>
    </ClInclude>
    <ClInclude Include="Enemy.h">
      <Filter>Header Files\Enemies</Filter>
    </ClInclude>
    <ClInclude Include="Enemy01.h">
      <Filter>Header Files\Enemies</Filter>
    </ClInclude>
    <ClInclude Include="Enemy02.h">
      <Filter>Header Files\Enemies</Filter>
    </ClInclude>
    <ClInclude Include="GameStateEnum.h">
      <Filter>Header Files\GameState</Filter>
    </ClInclude>
    <ClInclude Include="GameState.h">
      <Filter>Header Files\GameState</Filter>
    </ClInclude>
    <ClInclude Include="LevelStateBase.h">
      <Filter>Header Files\GameState</Filter>
    </ClInclude>
    <ClInclude Include="MenuState.h">
      <Filter>Header Files\GameState</Filter>
    </ClInclude>
    <ClInclude Include="VictoryState.h">
      <Filter>Header Files\GameState</Filter>
    </ClInclude>
    <ClInclude Include="DefeatState.h">
      <Filter>Header Files\GameState</Filter>
    </ClInclude>
    <ClInclude Include="AboutState.h">
      <Filter>Header Files\GameState</Filter>
    </ClInclude>
  </ItemGroup>
</Project>